// !$*UTF8*$!
{
	archiveVersion = 1;
	classes = {
	};
	objectVersion = 46;
	objects = {

/* Begin PBXBuildFile section */
		3572844F1E8BC5A600F759B4 /* main.m in Sources */ = {isa = PBXBuildFile; fileRef = 3572844E1E8BC5A600F759B4 /* main.m */; };
		357284521E8BC5A600F759B4 /* AppDelegate.m in Sources */ = {isa = PBXBuildFile; fileRef = 357284511E8BC5A600F759B4 /* AppDelegate.m */; };
		357284551E8BC5A600F759B4 /* IndexViewController.m in Sources */ = {isa = PBXBuildFile; fileRef = 357284541E8BC5A600F759B4 /* IndexViewController.m */; };
		357284581E8BC5A600F759B4 /* Main.storyboard in Resources */ = {isa = PBXBuildFile; fileRef = 357284561E8BC5A600F759B4 /* Main.storyboard */; };
		3572845A1E8BC5A600F759B4 /* Assets.xcassets in Resources */ = {isa = PBXBuildFile; fileRef = 357284591E8BC5A600F759B4 /* Assets.xcassets */; };
		3572845D1E8BC5A600F759B4 /* LaunchScreen.storyboard in Resources */ = {isa = PBXBuildFile; fileRef = 3572845B1E8BC5A600F759B4 /* LaunchScreen.storyboard */; };
		357284661E8CA5D300F759B4 /* NSAttributedString+Helper.m in Sources */ = {isa = PBXBuildFile; fileRef = 357284651E8CA5D300F759B4 /* NSAttributedString+Helper.m */; };
		357284691E8CA7B000F759B4 /* MainTextCellNode.m in Sources */ = {isa = PBXBuildFile; fileRef = 357284681E8CA7B000F759B4 /* MainTextCellNode.m */; };
		3572846F1E8CADAD00F759B4 /* FlexWrapViewController.m in Sources */ = {isa = PBXBuildFile; fileRef = 3572846E1E8CADAD00F759B4 /* FlexWrapViewController.m */; };
		357284721E8CAFB800F759B4 /* ASDisplayNode+Helper.m in Sources */ = {isa = PBXBuildFile; fileRef = 357284711E8CAFB800F759B4 /* ASDisplayNode+Helper.m */; };
		357284751E8CB60B00F759B4 /* FlexWrapTableViewController.m in Sources */ = {isa = PBXBuildFile; fileRef = 357284741E8CB60B00F759B4 /* FlexWrapTableViewController.m */; };
		357284781E8CB66200F759B4 /* FlexWrapCellNode.m in Sources */ = {isa = PBXBuildFile; fileRef = 357284771E8CB66200F759B4 /* FlexWrapCellNode.m */; };
		3572847F1E8CE60A00F759B4 /* FlexWrapChildInsetCellNode.m in Sources */ = {isa = PBXBuildFile; fileRef = 3572847E1E8CE60A00F759B4 /* FlexWrapChildInsetCellNode.m */; };
		ED6145AEE780EF4E28835F08 /* libPods-AsyncDisplayKitPlayground.a in Frameworks */ = {isa = PBXBuildFile; fileRef = 64E5FAB912A4F0FC46FA0A66 /* libPods-AsyncDisplayKitPlayground.a */; };
/* End PBXBuildFile section */

/* Begin PBXFileReference section */
		0794E6275B109C06CE28F222 /* Pods-AsyncDisplayKitPlayground.debug.xcconfig */ = {isa = PBXFileReference; includeInIndex = 1; lastKnownFileType = text.xcconfig; name = "Pods-AsyncDisplayKitPlayground.debug.xcconfig"; path = "Pods/Target Support Files/Pods-AsyncDisplayKitPlayground/Pods-AsyncDisplayKitPlayground.debug.xcconfig"; sourceTree = "<group>"; };
		3572844A1E8BC5A600F759B4 /* AsyncDisplayKitPlayground.app */ = {isa = PBXFileReference; explicitFileType = wrapper.application; includeInIndex = 0; path = AsyncDisplayKitPlayground.app; sourceTree = BUILT_PRODUCTS_DIR; };
		3572844E1E8BC5A600F759B4 /* main.m */ = {isa = PBXFileReference; lastKnownFileType = sourcecode.c.objc; path = main.m; sourceTree = "<group>"; };
		357284501E8BC5A600F759B4 /* AppDelegate.h */ = {isa = PBXFileReference; lastKnownFileType = sourcecode.c.h; path = AppDelegate.h; sourceTree = "<group>"; };
		357284511E8BC5A600F759B4 /* AppDelegate.m */ = {isa = PBXFileReference; lastKnownFileType = sourcecode.c.objc; path = AppDelegate.m; sourceTree = "<group>"; };
		357284531E8BC5A600F759B4 /* IndexViewController.h */ = {isa = PBXFileReference; lastKnownFileType = sourcecode.c.h; path = IndexViewController.h; sourceTree = "<group>"; };
		357284541E8BC5A600F759B4 /* IndexViewController.m */ = {isa = PBXFileReference; lastKnownFileType = sourcecode.c.objc; path = IndexViewController.m; sourceTree = "<group>"; };
		357284571E8BC5A600F759B4 /* Base */ = {isa = PBXFileReference; lastKnownFileType = file.storyboard; name = Base; path = Base.lproj/Main.storyboard; sourceTree = "<group>"; };
		357284591E8BC5A600F759B4 /* Assets.xcassets */ = {isa = PBXFileReference; lastKnownFileType = folder.assetcatalog; path = Assets.xcassets; sourceTree = "<group>"; };
		3572845C1E8BC5A600F759B4 /* Base */ = {isa = PBXFileReference; lastKnownFileType = file.storyboard; name = Base; path = Base.lproj/LaunchScreen.storyboard; sourceTree = "<group>"; };
		3572845E1E8BC5A600F759B4 /* Info.plist */ = {isa = PBXFileReference; lastKnownFileType = text.plist.xml; path = Info.plist; sourceTree = "<group>"; };
		357284641E8CA5D300F759B4 /* NSAttributedString+Helper.h */ = {isa = PBXFileReference; fileEncoding = 4; lastKnownFileType = sourcecode.c.h; path = "NSAttributedString+Helper.h"; sourceTree = "<group>"; };
		357284651E8CA5D300F759B4 /* NSAttributedString+Helper.m */ = {isa = PBXFileReference; fileEncoding = 4; lastKnownFileType = sourcecode.c.objc; path = "NSAttributedString+Helper.m"; sourceTree = "<group>"; };
		357284671E8CA7B000F759B4 /* MainTextCellNode.h */ = {isa = PBXFileReference; fileEncoding = 4; lastKnownFileType = sourcecode.c.h; path = MainTextCellNode.h; sourceTree = "<group>"; };
		357284681E8CA7B000F759B4 /* MainTextCellNode.m */ = {isa = PBXFileReference; fileEncoding = 4; lastKnownFileType = sourcecode.c.objc; path = MainTextCellNode.m; sourceTree = "<group>"; };
		3572846D1E8CADAD00F759B4 /* FlexWrapViewController.h */ = {isa = PBXFileReference; fileEncoding = 4; lastKnownFileType = sourcecode.c.h; path = FlexWrapViewController.h; sourceTree = "<group>"; };
		3572846E1E8CADAD00F759B4 /* FlexWrapViewController.m */ = {isa = PBXFileReference; fileEncoding = 4; lastKnownFileType = sourcecode.c.objc; path = FlexWrapViewController.m; sourceTree = "<group>"; };
		357284701E8CAFB800F759B4 /* ASDisplayNode+Helper.h */ = {isa = PBXFileReference; fileEncoding = 4; lastKnownFileType = sourcecode.c.h; path = "ASDisplayNode+Helper.h"; sourceTree = "<group>"; };
		357284711E8CAFB800F759B4 /* ASDisplayNode+Helper.m */ = {isa = PBXFileReference; fileEncoding = 4; lastKnownFileType = sourcecode.c.objc; path = "ASDisplayNode+Helper.m"; sourceTree = "<group>"; };
		357284731E8CB60B00F759B4 /* FlexWrapTableViewController.h */ = {isa = PBXFileReference; fileEncoding = 4; lastKnownFileType = sourcecode.c.h; path = FlexWrapTableViewController.h; sourceTree = "<group>"; };
		357284741E8CB60B00F759B4 /* FlexWrapTableViewController.m */ = {isa = PBXFileReference; fileEncoding = 4; lastKnownFileType = sourcecode.c.objc; path = FlexWrapTableViewController.m; sourceTree = "<group>"; };
		357284761E8CB66200F759B4 /* FlexWrapCellNode.h */ = {isa = PBXFileReference; fileEncoding = 4; lastKnownFileType = sourcecode.c.h; path = FlexWrapCellNode.h; sourceTree = "<group>"; };
		357284771E8CB66200F759B4 /* FlexWrapCellNode.m */ = {isa = PBXFileReference; fileEncoding = 4; lastKnownFileType = sourcecode.c.objc; path = FlexWrapCellNode.m; sourceTree = "<group>"; };
		3572847D1E8CE60A00F759B4 /* FlexWrapChildInsetCellNode.h */ = {isa = PBXFileReference; fileEncoding = 4; lastKnownFileType = sourcecode.c.h; path = FlexWrapChildInsetCellNode.h; sourceTree = "<group>"; };
		3572847E1E8CE60A00F759B4 /* FlexWrapChildInsetCellNode.m */ = {isa = PBXFileReference; fileEncoding = 4; lastKnownFileType = sourcecode.c.objc; path = FlexWrapChildInsetCellNode.m; sourceTree = "<group>"; };
		64E5FAB912A4F0FC46FA0A66 /* libPods-AsyncDisplayKitPlayground.a */ = {isa = PBXFileReference; explicitFileType = archive.ar; includeInIndex = 0; path = "libPods-AsyncDisplayKitPlayground.a"; sourceTree = BUILT_PRODUCTS_DIR; };
		A55BC5841D534545D0CFEAE8 /* Pods-AsyncDisplayKitPlayground.release.xcconfig */ = {isa = PBXFileReference; includeInIndex = 1; lastKnownFileType = text.xcconfig; name = "Pods-AsyncDisplayKitPlayground.release.xcconfig"; path = "Pods/Target Support Files/Pods-AsyncDisplayKitPlayground/Pods-AsyncDisplayKitPlayground.release.xcconfig"; sourceTree = "<group>"; };
/* End PBXFileReference section */

/* Begin PBXFrameworksBuildPhase section */
		357284471E8BC5A600F759B4 /* Frameworks */ = {
			isa = PBXFrameworksBuildPhase;
			buildActionMask = 2147483647;
			files = (
				ED6145AEE780EF4E28835F08 /* libPods-AsyncDisplayKitPlayground.a in Frameworks */,
			);
			runOnlyForDeploymentPostprocessing = 0;
		};
/* End PBXFrameworksBuildPhase section */

/* Begin PBXGroup section */
		357284411E8BC5A600F759B4 = {
			isa = PBXGroup;
			children = (
				3572844C1E8BC5A600F759B4 /* AsyncDisplayKitPlayground */,
				3572844B1E8BC5A600F759B4 /* Products */,
				44986E1F06352C76C389F577 /* Pods */,
				E33A0F11B56A05B00A531469 /* Frameworks */,
			);
			sourceTree = "<group>";
		};
		3572844B1E8BC5A600F759B4 /* Products */ = {
			isa = PBXGroup;
			children = (
				3572844A1E8BC5A600F759B4 /* AsyncDisplayKitPlayground.app */,
			);
			name = Products;
			sourceTree = "<group>";
		};
		3572844C1E8BC5A600F759B4 /* AsyncDisplayKitPlayground */ = {
			isa = PBXGroup;
			children = (
				3572846C1E8CAD9200F759B4 /* flexWrap */,
				3572846B1E8CABC300F759B4 /* general */,
				3572846A1E8CABB300F759B4 /* index */,
				357284561E8BC5A600F759B4 /* Main.storyboard */,
				357284591E8BC5A600F759B4 /* Assets.xcassets */,
				3572845B1E8BC5A600F759B4 /* LaunchScreen.storyboard */,
				3572845E1E8BC5A600F759B4 /* Info.plist */,
				3572844D1E8BC5A600F759B4 /* Supporting Files */,
			);
			path = AsyncDisplayKitPlayground;
			sourceTree = "<group>";
		};
		3572844D1E8BC5A600F759B4 /* Supporting Files */ = {
			isa = PBXGroup;
			children = (
				3572844E1E8BC5A600F759B4 /* main.m */,
			);
			name = "Supporting Files";
			sourceTree = "<group>";
		};
		3572846A1E8CABB300F759B4 /* index */ = {
			isa = PBXGroup;
			children = (
				357284531E8BC5A600F759B4 /* IndexViewController.h */,
				357284541E8BC5A600F759B4 /* IndexViewController.m */,
				357284671E8CA7B000F759B4 /* MainTextCellNode.h */,
				357284681E8CA7B000F759B4 /* MainTextCellNode.m */,
			);
			name = index;
			sourceTree = "<group>";
		};
		3572846B1E8CABC300F759B4 /* general */ = {
			isa = PBXGroup;
			children = (
				357284501E8BC5A600F759B4 /* AppDelegate.h */,
				357284511E8BC5A600F759B4 /* AppDelegate.m */,
				357284641E8CA5D300F759B4 /* NSAttributedString+Helper.h */,
				357284651E8CA5D300F759B4 /* NSAttributedString+Helper.m */,
				357284701E8CAFB800F759B4 /* ASDisplayNode+Helper.h */,
				357284711E8CAFB800F759B4 /* ASDisplayNode+Helper.m */,
			);
			name = general;
			sourceTree = "<group>";
		};
		3572846C1E8CAD9200F759B4 /* flexWrap */ = {
			isa = PBXGroup;
			children = (
				3572846D1E8CADAD00F759B4 /* FlexWrapViewController.h */,
				3572846E1E8CADAD00F759B4 /* FlexWrapViewController.m */,
				357284731E8CB60B00F759B4 /* FlexWrapTableViewController.h */,
				357284741E8CB60B00F759B4 /* FlexWrapTableViewController.m */,
				357284761E8CB66200F759B4 /* FlexWrapCellNode.h */,
				357284771E8CB66200F759B4 /* FlexWrapCellNode.m */,
				3572847D1E8CE60A00F759B4 /* FlexWrapChildInsetCellNode.h */,
				3572847E1E8CE60A00F759B4 /* FlexWrapChildInsetCellNode.m */,
			);
			name = flexWrap;
			sourceTree = "<group>";
		};
		44986E1F06352C76C389F577 /* Pods */ = {
			isa = PBXGroup;
			children = (
				0794E6275B109C06CE28F222 /* Pods-AsyncDisplayKitPlayground.debug.xcconfig */,
				A55BC5841D534545D0CFEAE8 /* Pods-AsyncDisplayKitPlayground.release.xcconfig */,
			);
			name = Pods;
			sourceTree = "<group>";
		};
		E33A0F11B56A05B00A531469 /* Frameworks */ = {
			isa = PBXGroup;
			children = (
				64E5FAB912A4F0FC46FA0A66 /* libPods-AsyncDisplayKitPlayground.a */,
			);
			name = Frameworks;
			sourceTree = "<group>";
		};
/* End PBXGroup section */

/* Begin PBXNativeTarget section */
		357284491E8BC5A600F759B4 /* AsyncDisplayKitPlayground */ = {
			isa = PBXNativeTarget;
			buildConfigurationList = 357284611E8BC5A600F759B4 /* Build configuration list for PBXNativeTarget "AsyncDisplayKitPlayground" */;
			buildPhases = (
				B8B1A2B256E2DD02BBD882AA /* [CP] Check Pods Manifest.lock */,
				357284461E8BC5A600F759B4 /* Sources */,
				357284471E8BC5A600F759B4 /* Frameworks */,
				357284481E8BC5A600F759B4 /* Resources */,
				BE3F9CC5D9907DD1F452D680 /* [CP] Embed Pods Frameworks */,
				9134C111A85E8743DD241E04 /* [CP] Copy Pods Resources */,
			);
			buildRules = (
			);
			dependencies = (
			);
			name = AsyncDisplayKitPlayground;
			productName = AsyncDisplayKitPlayground;
			productReference = 3572844A1E8BC5A600F759B4 /* AsyncDisplayKitPlayground.app */;
			productType = "com.apple.product-type.application";
		};
/* End PBXNativeTarget section */

/* Begin PBXProject section */
		357284421E8BC5A600F759B4 /* Project object */ = {
			isa = PBXProject;
			attributes = {
				LastUpgradeCheck = 0830;
				ORGANIZATIONNAME = MT;
				TargetAttributes = {
					357284491E8BC5A600F759B4 = {
						CreatedOnToolsVersion = 8.3;
						ProvisioningStyle = Automatic;
					};
				};
			};
			buildConfigurationList = 357284451E8BC5A600F759B4 /* Build configuration list for PBXProject "AsyncDisplayKitPlayground" */;
			compatibilityVersion = "Xcode 3.2";
			developmentRegion = English;
			hasScannedForEncodings = 0;
			knownRegions = (
				en,
				Base,
			);
			mainGroup = 357284411E8BC5A600F759B4;
			productRefGroup = 3572844B1E8BC5A600F759B4 /* Products */;
			projectDirPath = "";
			projectRoot = "";
			targets = (
				357284491E8BC5A600F759B4 /* AsyncDisplayKitPlayground */,
			);
		};
/* End PBXProject section */

/* Begin PBXResourcesBuildPhase section */
		357284481E8BC5A600F759B4 /* Resources */ = {
			isa = PBXResourcesBuildPhase;
			buildActionMask = 2147483647;
			files = (
				3572845D1E8BC5A600F759B4 /* LaunchScreen.storyboard in Resources */,
				3572845A1E8BC5A600F759B4 /* Assets.xcassets in Resources */,
				357284581E8BC5A600F759B4 /* Main.storyboard in Resources */,
			);
			runOnlyForDeploymentPostprocessing = 0;
		};
/* End PBXResourcesBuildPhase section */

/* Begin PBXShellScriptBuildPhase section */
		9134C111A85E8743DD241E04 /* [CP] Copy Pods Resources */ = {
			isa = PBXShellScriptBuildPhase;
			buildActionMask = 2147483647;
			files = (
			);
			inputPaths = (
			);
			name = "[CP] Copy Pods Resources";
			outputPaths = (
			);
			runOnlyForDeploymentPostprocessing = 0;
			shellPath = /bin/sh;
			shellScript = "\"${SRCROOT}/Pods/Target Support Files/Pods-AsyncDisplayKitPlayground/Pods-AsyncDisplayKitPlayground-resources.sh\"\n";
			showEnvVarsInLog = 0;
		};
		B8B1A2B256E2DD02BBD882AA /* [CP] Check Pods Manifest.lock */ = {
			isa = PBXShellScriptBuildPhase;
			buildActionMask = 2147483647;
			files = (
			);
			inputPaths = (
			);
			name = "[CP] Check Pods Manifest.lock";
			outputPaths = (
			);
			runOnlyForDeploymentPostprocessing = 0;
			shellPath = /bin/sh;
			shellScript = "diff \"${PODS_ROOT}/../Podfile.lock\" \"${PODS_ROOT}/Manifest.lock\" > /dev/null\nif [ $? != 0 ] ; then\n    # print error to STDERR\n    echo \"error: The sandbox is not in sync with the Podfile.lock. Run 'pod install' or update your CocoaPods installation.\" >&2\n    exit 1\nfi\n";
			showEnvVarsInLog = 0;
		};
		BE3F9CC5D9907DD1F452D680 /* [CP] Embed Pods Frameworks */ = {
			isa = PBXShellScriptBuildPhase;
			buildActionMask = 2147483647;
			files = (
			);
			inputPaths = (
			);
			name = "[CP] Embed Pods Frameworks";
			outputPaths = (
			);
			runOnlyForDeploymentPostprocessing = 0;
			shellPath = /bin/sh;
			shellScript = "\"${SRCROOT}/Pods/Target Support Files/Pods-AsyncDisplayKitPlayground/Pods-AsyncDisplayKitPlayground-frameworks.sh\"\n";
			showEnvVarsInLog = 0;
		};
/* End PBXShellScriptBuildPhase section */

/* Begin PBXSourcesBuildPhase section */
		357284461E8BC5A600F759B4 /* Sources */ = {
			isa = PBXSourcesBuildPhase;
			buildActionMask = 2147483647;
			files = (
				357284781E8CB66200F759B4 /* FlexWrapCellNode.m in Sources */,
				357284751E8CB60B00F759B4 /* FlexWrapTableViewController.m in Sources */,
				357284551E8BC5A600F759B4 /* IndexViewController.m in Sources */,
				357284721E8CAFB800F759B4 /* ASDisplayNode+Helper.m in Sources */,
				357284661E8CA5D300F759B4 /* NSAttributedString+Helper.m in Sources */,
				3572847F1E8CE60A00F759B4 /* FlexWrapChildInsetCellNode.m in Sources */,
				357284521E8BC5A600F759B4 /* AppDelegate.m in Sources */,
				3572846F1E8CADAD00F759B4 /* FlexWrapViewController.m in Sources */,
				3572844F1E8BC5A600F759B4 /* main.m in Sources */,
				357284691E8CA7B000F759B4 /* MainTextCellNode.m in Sources */,
			);
			runOnlyForDeploymentPostprocessing = 0;
		};
/* End PBXSourcesBuildPhase section */

/* Begin PBXVariantGroup section */
		357284561E8BC5A600F759B4 /* Main.storyboard */ = {
			isa = PBXVariantGroup;
			children = (
				357284571E8BC5A600F759B4 /* Base */,
			);
			name = Main.storyboard;
			sourceTree = "<group>";
		};
		3572845B1E8BC5A600F759B4 /* LaunchScreen.storyboard */ = {
			isa = PBXVariantGroup;
			children = (
				3572845C1E8BC5A600F759B4 /* Base */,
			);
			name = LaunchScreen.storyboard;
			sourceTree = "<group>";
		};
/* End PBXVariantGroup section */

/* Begin XCBuildConfiguration section */
		3572845F1E8BC5A600F759B4 /* Debug */ = {
			isa = XCBuildConfiguration;
			buildSettings = {
				ALWAYS_SEARCH_USER_PATHS = NO;
				CLANG_ANALYZER_NONNULL = YES;
				CLANG_ANALYZER_NUMBER_OBJECT_CONVERSION = YES_AGGRESSIVE;
				CLANG_CXX_LANGUAGE_STANDARD = "gnu++0x";
				CLANG_CXX_LIBRARY = "libc++";
				CLANG_ENABLE_MODULES = YES;
				CLANG_ENABLE_OBJC_ARC = YES;
				CLANG_WARN_BOOL_CONVERSION = YES;
				CLANG_WARN_CONSTANT_CONVERSION = YES;
				CLANG_WARN_DIRECT_OBJC_ISA_USAGE = YES_ERROR;
				CLANG_WARN_DOCUMENTATION_COMMENTS = YES;
				CLANG_WARN_EMPTY_BODY = YES;
				CLANG_WARN_ENUM_CONVERSION = YES;
				CLANG_WARN_INFINITE_RECURSION = YES;
				CLANG_WARN_INT_CONVERSION = YES;
				CLANG_WARN_OBJC_ROOT_CLASS = YES_ERROR;
				CLANG_WARN_SUSPICIOUS_MOVE = YES;
				CLANG_WARN_UNREACHABLE_CODE = YES;
				CLANG_WARN__DUPLICATE_METHOD_MATCH = YES;
				"CODE_SIGN_IDENTITY[sdk=iphoneos*]" = "iPhone Developer";
				COPY_PHASE_STRIP = NO;
				DEBUG_INFORMATION_FORMAT = dwarf;
				ENABLE_STRICT_OBJC_MSGSEND = YES;
				ENABLE_TESTABILITY = YES;
				GCC_C_LANGUAGE_STANDARD = gnu99;
				GCC_DYNAMIC_NO_PIC = NO;
				GCC_NO_COMMON_BLOCKS = YES;
				GCC_OPTIMIZATION_LEVEL = 0;
				GCC_PREPROCESSOR_DEFINITIONS = (
					"DEBUG=1",
					"$(inherited)",
				);
				GCC_WARN_64_TO_32_BIT_CONVERSION = YES;
				GCC_WARN_ABOUT_RETURN_TYPE = YES_ERROR;
				GCC_WARN_UNDECLARED_SELECTOR = YES;
				GCC_WARN_UNINITIALIZED_AUTOS = YES_AGGRESSIVE;
				GCC_WARN_UNUSED_FUNCTION = YES;
				GCC_WARN_UNUSED_VARIABLE = YES;
				IPHONEOS_DEPLOYMENT_TARGET = 8.0;
				MTL_ENABLE_DEBUG_INFO = YES;
				ONLY_ACTIVE_ARCH = YES;
				SDKROOT = iphoneos;
			};
			name = Debug;
		};
		357284601E8BC5A600F759B4 /* Release */ = {
			isa = XCBuildConfiguration;
			buildSettings = {
				ALWAYS_SEARCH_USER_PATHS = NO;
				CLANG_ANALYZER_NONNULL = YES;
				CLANG_ANALYZER_NUMBER_OBJECT_CONVERSION = YES_AGGRESSIVE;
				CLANG_CXX_LANGUAGE_STANDARD = "gnu++0x";
				CLANG_CXX_LIBRARY = "libc++";
				CLANG_ENABLE_MODULES = YES;
				CLANG_ENABLE_OBJC_ARC = YES;
				CLANG_WARN_BOOL_CONVERSION = YES;
				CLANG_WARN_CONSTANT_CONVERSION = YES;
				CLANG_WARN_DIRECT_OBJC_ISA_USAGE = YES_ERROR;
				CLANG_WARN_DOCUMENTATION_COMMENTS = YES;
				CLANG_WARN_EMPTY_BODY = YES;
				CLANG_WARN_ENUM_CONVERSION = YES;
				CLANG_WARN_INFINITE_RECURSION = YES;
				CLANG_WARN_INT_CONVERSION = YES;
				CLANG_WARN_OBJC_ROOT_CLASS = YES_ERROR;
				CLANG_WARN_SUSPICIOUS_MOVE = YES;
				CLANG_WARN_UNREACHABLE_CODE = YES;
				CLANG_WARN__DUPLICATE_METHOD_MATCH = YES;
				"CODE_SIGN_IDENTITY[sdk=iphoneos*]" = "iPhone Developer";
				COPY_PHASE_STRIP = NO;
				DEBUG_INFORMATION_FORMAT = "dwarf-with-dsym";
				ENABLE_NS_ASSERTIONS = NO;
				ENABLE_STRICT_OBJC_MSGSEND = YES;
				GCC_C_LANGUAGE_STANDARD = gnu99;
				GCC_NO_COMMON_BLOCKS = YES;
				GCC_WARN_64_TO_32_BIT_CONVERSION = YES;
				GCC_WARN_ABOUT_RETURN_TYPE = YES_ERROR;
				GCC_WARN_UNDECLARED_SELECTOR = YES;
				GCC_WARN_UNINITIALIZED_AUTOS = YES_AGGRESSIVE;
				GCC_WARN_UNUSED_FUNCTION = YES;
				GCC_WARN_UNUSED_VARIABLE = YES;
				IPHONEOS_DEPLOYMENT_TARGET = 8.0;
				MTL_ENABLE_DEBUG_INFO = NO;
				SDKROOT = iphoneos;
				VALIDATE_PRODUCT = YES;
			};
			name = Release;
		};
		357284621E8BC5A600F759B4 /* Debug */ = {
			isa = XCBuildConfiguration;
			baseConfigurationReference = 0794E6275B109C06CE28F222 /* Pods-AsyncDisplayKitPlayground.debug.xcconfig */;
			buildSettings = {
				ASSETCATALOG_COMPILER_APPICON_NAME = AppIcon;
				INFOPLIST_FILE = AsyncDisplayKitPlayground/Info.plist;
				LD_RUNPATH_SEARCH_PATHS = "$(inherited) @executable_path/Frameworks";
				PRODUCT_BUNDLE_IDENTIFIER = com.maitao.AsyncDisplayKitPlayground;
				PRODUCT_NAME = "$(TARGET_NAME)";
			};
			name = Debug;
		};
		357284631E8BC5A600F759B4 /* Release */ = {
			isa = XCBuildConfiguration;
			baseConfigurationReference = A55BC5841D534545D0CFEAE8 /* Pods-AsyncDisplayKitPlayground.release.xcconfig */;
			buildSettings = {
				ASSETCATALOG_COMPILER_APPICON_NAME = AppIcon;
				INFOPLIST_FILE = AsyncDisplayKitPlayground/Info.plist;
				LD_RUNPATH_SEARCH_PATHS = "$(inherited) @executable_path/Frameworks";
				PRODUCT_BUNDLE_IDENTIFIER = com.maitao.AsyncDisplayKitPlayground;
				PRODUCT_NAME = "$(TARGET_NAME)";
			};
			name = Release;
		};
/* End XCBuildConfiguration section */

/* Begin XCConfigurationList section */
		357284451E8BC5A600F759B4 /* Build configuration list for PBXProject "AsyncDisplayKitPlayground" */ = {
			isa = XCConfigurationList;
			buildConfigurations = (
				3572845F1E8BC5A600F759B4 /* Debug */,
				357284601E8BC5A600F759B4 /* Release */,
			);
			defaultConfigurationIsVisible = 0;
			defaultConfigurationName = Release;
		};
		357284611E8BC5A600F759B4 /* Build configuration list for PBXNativeTarget "AsyncDisplayKitPlayground" */ = {
			isa = XCConfigurationList;
			buildConfigurations = (
				357284621E8BC5A600F759B4 /* Debug */,
				357284631E8BC5A600F759B4 /* Release */,
			);
			defaultConfigurationIsVisible = 0;
			defaultConfigurationName = Release;
		};
/* End XCConfigurationList section */
	};
	rootObject = 357284421E8BC5A600F759B4 /* Project object */;
}
