PODS:
  - AsyncDisplayKit (2.2):
    - AsyncDisplayKit/PINRemoteImage (= 2.2)
  - AsyncDisplayKit/Core (2.2)
  - AsyncDisplayKit/PINRemoteImage (2.2):
    - AsyncDisplayKit/Core
    - PINRemoteImage/iOS (= 3.0.0-beta.8)
    - PINRemoteImage/PINCache
  - PINCache (3.0.1-beta.4):
    - PINCache/Arc-exception-safe (= 3.0.1-beta.4)
    - PINCache/Core (= 3.0.1-beta.4)
  - PINCache/Arc-exception-safe (3.0.1-beta.4):
    - PINCache/Core
  - PINCache/Core (3.0.1-beta.4):
    - PINOperation (= 1.0.3)
  - PINOperation (1.0.3)
  - PINRemoteImage/Core (3.0.0-beta.8)
  - PINRemoteImage/iOS (3.0.0-beta.8):
    - PINRemoteImage/Core
  - PINRemoteImage/PINCache (3.0.0-beta.8):
    - PINCache (= 3.0.1-beta.4)
    - PINRemoteImage/Core

DEPENDENCIES:
  - AsyncDisplayKit (from `git@github.com:facebook/AsyncDisplayKit.git`, branch `master`)

EXTERNAL SOURCES:
  AsyncDisplayKit:
    :branch: master
    :git: git@github.com:facebook/AsyncDisplayKit.git

CHECKOUT OPTIONS:
  AsyncDisplayKit:
    :commit: fcbbea51a6f4fa5d795f14c769b36da3a66d9fbe
    :git: git@github.com:facebook/AsyncDisplayKit.git

SPEC CHECKSUMS:
  AsyncDisplayKit: 61bf1a97c23f795afe7b3ae3c9c5935ec8fba7e6
  PINCache: a89c8f609232afac77128557bd12c861844423d7
  PINOperation: ac23db44796d4a564ecf9b5ea7163510f579b71d
  PINRemoteImage: c4f9f16932840c597f32e69dd288e10e111a1929

PODFILE CHECKSUM: b1dc6384c64a3fcd036e4b35f4712132f249c649

COCOAPODS: 1.2.0
